
Microsoft Visual Studio Solution File, Format Version 12.00
# Visual Studio 15
VisualStudioVersion = 15.0.27004.2008
MinimumVisualStudioVersion = 10.0.40219.1
Project("{FAE04EC0-301F-11D3-BF4B-00C04F79EFBC}") = "DependencyInjectionPrototype", "DependencyInjectionPrototype\DependencyInjectionPrototype.csproj", "{D7151652-4802-479D-BA46-BE3351D7FAB5}"
EndProject
Project("{FAE04EC0-301F-11D3-BF4B-00C04F79EFBC}") = "DependencyInjectionPrototype.Tests", "DependencyInjectionPrototype.Tests\DependencyInjectionPrototype.Tests.csproj", "{F873CB9F-E396-4D68-84EB-FC6C6C052D44}"
EndProject
Project("{FAE04EC0-301F-11D3-BF4B-00C04F79EFBC}") = "DependencyInjectionPrototype.Shared", "DependencyInjectionPrototype.Shared\DependencyInjectionPrototype.Shared.csproj", "{6FA219D3-27AC-4E84-85C5-A3AE90997321}"
EndProject
Global
	GlobalSection(SolutionConfigurationPlatforms) = preSolution
		Debug|Any CPU = Debug|Any CPU
		Release|Any CPU = Release|Any CPU
	EndGlobalSection
	GlobalSection(ProjectConfigurationPlatforms) = postSolution
		{D7151652-4802-479D-BA46-BE3351D7FAB5}.Debug|Any CPU.ActiveCfg = Debug|Any CPU
		{D7151652-4802-479D-BA46-BE3351D7FAB5}.Debug|Any CPU.Build.0 = Debug|Any CPU
		{D7151652-4802-479D-BA46-BE3351D7FAB5}.Release|Any CPU.ActiveCfg = Release|Any CPU
		{D7151652-4802-479D-BA46-BE3351D7FAB5}.Release|Any CPU.Build.0 = Release|Any CPU
		{F873CB9F-E396-4D68-84EB-FC6C6C052D44}.Debug|Any CPU.ActiveCfg = Debug|Any CPU
		{F873CB9F-E396-4D68-84EB-FC6C6C052D44}.Debug|Any CPU.Build.0 = Debug|Any CPU
		{F873CB9F-E396-4D68-84EB-FC6C6C052D44}.Release|Any CPU.ActiveCfg = Release|Any CPU
		{F873CB9F-E396-4D68-84EB-FC6C6C052D44}.Release|Any CPU.Build.0 = Release|Any CPU
		{6FA219D3-27AC-4E84-85C5-A3AE90997321}.Debug|Any CPU.ActiveCfg = Debug|Any CPU
		{6FA219D3-27AC-4E84-85C5-A3AE90997321}.Debug|Any CPU.Build.0 = Debug|Any CPU
		{6FA219D3-27AC-4E84-85C5-A3AE90997321}.Release|Any CPU.ActiveCfg = Release|Any CPU
		{6FA219D3-27AC-4E84-85C5-A3AE90997321}.Release|Any CPU.Build.0 = Release|Any CPU
	EndGlobalSection
	GlobalSection(SolutionProperties) = preSolution
		HideSolutionNode = FALSE
	EndGlobalSection
	GlobalSection(ExtensibilityGlobals) = postSolution
		SolutionGuid = {F69C7C43-18A6-453E-B2AA-34937A1E5588}
	EndGlobalSection
EndGlobal
